github.com/Pallinder/go-randomdata v1.2.0 h1:DZ41wBchNRb/0GfsePLiSwb0PHZmT67XY00lCDlaYPg=
github.com/Pallinder/go-randomdata v1.2.0/go.mod h1:yHmJgulpD2Nfrm0cR9tI/+oAgRqCQQixsA8HyRZfV9Y=
github.com/diamondburned/cchat v0.0.1 h1:ABoYPQ+uhsUopdDDw62jFsEjvsz6dlOttL/xIeU4wy4=
github.com/diamondburned/cchat v0.0.1/go.mod h1:2MdhWABRer4WhwcuLR0b2VY5S22Y1zDTpFqriAFrC08=
github.com/diamondburned/cchat v0.0.2 h1:WfynDllfkUeTWKGwNWz5AWEXL88rl+6FO/uSfMdNiss=
github.com/diamondburned/cchat v0.0.2/go.mod h1:2MdhWABRer4WhwcuLR0b2VY5S22Y1zDTpFqriAFrC08=
github.com/diamondburned/cchat v0.0.3 h1:XpuRcs+RhdFOGfsD3uCporEhVo8HQ5s95Qlj+4U2Xno=
github.com/diamondburned/cchat v0.0.3/go.mod h1:2MdhWABRer4WhwcuLR0b2VY5S22Y1zDTpFqriAFrC08=
github.com/diamondburned/cchat v0.0.4 h1:RSuAX3T4PsPOPBDNZMTt6Mr+g1UZQ3A7vSBf9QPS7uQ=
github.com/diamondburned/cchat v0.0.4/go.mod h1:2MdhWABRer4WhwcuLR0b2VY5S22Y1zDTpFqriAFrC08=
github.com/diamondburned/cchat v0.0.5 h1:g0+569jnFqx4euNsqjurqjAY+xxG5n8kmGnDRwA8qFs=
github.com/diamondburned/cchat v0.0.5/go.mod h1:2MdhWABRer4WhwcuLR0b2VY5S22Y1zDTpFqriAFrC08=
github.com/diamondburned/cchat v0.0.6 h1:lSIgbxT7C8uSka0wqLl/5kc/8rgsYDfZGxaU346XNeU=
github.com/diamondburned/cchat v0.0.6/go.mod h1:+zXktogE45A0om4fT6B/z6Ii7FXNafjxsNspI0rlhbU=
github.com/diamondburned/cchat v0.0.7 h1:y5zbEoD6L8YHuN/yclqjokF0lPkRj5tYWOuJe0bBldI=
github.com/diamondburned/cchat v0.0.7/go.mod h1:+zXktogE45A0om4fT6B/z6Ii7FXNafjxsNspI0rlhbU=
github.com/diamondburned/cchat v0.0.8 h1:/PmI23SFHJcjYBWNBwQbp36n7fDvDu+NMnQuhM5FM2E=
github.com/diamondburned/cchat v0.0.8/go.mod h1:+zXktogE45A0om4fT6B/z6Ii7FXNafjxsNspI0rlhbU=
github.com/diamondburned/cchat v0.0.9 h1:+F96eDDuaOg4v4dz3GBDWbEW4dZ/k5uGrDp33/yeXR8=
github.com/diamondburned/cchat v0.0.9/go.mod h1:+zXktogE45A0om4fT6B/z6Ii7FXNafjxsNspI0rlhbU=
github.com/diamondburned/cchat v0.0.10 h1:aiUVgGre5E/HV+Iw6tmBVbuGctQI+JndV9nIDoYuRPY=
github.com/diamondburned/cchat v0.0.10/go.mod h1:+zXktogE45A0om4fT6B/z6Ii7FXNafjxsNspI0rlhbU=
github.com/diamondburned/cchat v0.0.11 h1:0KaR5ISr+8qanItXW538Krdb+ZIarR4j/4GSGqlLjjI=
github.com/diamondburned/cchat v0.0.11/go.mod h1:+zXktogE45A0om4fT6B/z6Ii7FXNafjxsNspI0rlhbU=
github.com/diamondburned/cchat v0.0.12 h1:ahu5xTRGtMrsudbUy6G2cPIvu0s+3OvXzX5hCxZmADE=
github.com/diamondburned/cchat v0.0.12/go.mod h1:+zXktogE45A0om4fT6B/z6Ii7FXNafjxsNspI0rlhbU=
github.com/diamondburned/cchat v0.0.13 h1:p8SyFjiRVCTjvwSJ4FsICGVYVZ3g0Iu02FrwmLuKiKE=
github.com/diamondburned/cchat v0.0.13/go.mod h1:+zXktogE45A0om4fT6B/z6Ii7FXNafjxsNspI0rlhbU=
github.com/diamondburned/cchat v0.0.14 h1:QpYRndVRBgg0DZHNrjbf+FNZ7dJlAsP7PlR+JATwauE=
github.com/diamondburned/cchat v0.0.14/go.mod h1:+zXktogE45A0om4fT6B/z6Ii7FXNafjxsNspI0rlhbU=
github.com/diamondburned/cchat v0.0.15 h1:1o4OX8zw/CdSv3Idaylz7vjHVOZKEi/xkg8BpEvtsHY=
github.com/diamondburned/cchat v0.0.15/go.mod h1:+zXktogE45A0om4fT6B/z6Ii7FXNafjxsNspI0rlhbU=
github.com/lucasb-eyer/go-colorful v1.0.3 h1:QIbQXiugsb+q10B+MI+7DI1oQLdmnep86tWFlaaUAac=
github.com/lucasb-eyer/go-colorful v1.0.3/go.mod h1:R4dSotOR9KMtayYi1e77YzuveK+i7ruzyGqttikkLy0=
github.com/pkg/errors v0.9.1/go.mod h1:bwawxfHBFNV+L2hUp1rHADufV3IMtnDRdf1r5NINEl0=
