github.com/Pallinder/go-randomdata v1.2.0 h1:DZ41wBchNRb/0GfsePLiSwb0PHZmT67XY00lCDlaYPg=
github.com/Pallinder/go-randomdata v1.2.0/go.mod h1:yHmJgulpD2Nfrm0cR9tI/+oAgRqCQQixsA8HyRZfV9Y=
github.com/dave/jennifer v1.4.1/go.mod h1:7jEdnm+qBcxl8PC0zyp7vxcpSRnzXSt9r39tpTVGlwA=
github.com/diamondburned/aqs v0.0.0-20200704043812-99b676ee44eb h1:Ja/niwykeFoSkYxdRRzM8QUAuCswfLmaiBTd2UIU+54=
github.com/diamondburned/aqs v0.0.0-20200704043812-99b676ee44eb/go.mod h1:q1MbMBfZrv7xqV8n7LgMwhHs3oBbNwWJes8exs2AmDs=
github.com/diamondburned/cchat v0.2.11 h1:w4c/6t02htGtVj6yIjznecOGMlkcj0TmmLy+K48gHeM=
github.com/diamondburned/cchat v0.2.11/go.mod h1:IlMtF+XIvAJh0GL/2yFdf0/34w+Hdy5A1GgvSwAXtQI=
github.com/diamondburned/cchat v0.2.12 h1:R4wrBdhELMfhv2Kn3xL/H3ci8UcLXzFRPq1IrY4+js4=
github.com/diamondburned/cchat v0.2.12/go.mod h1:IlMtF+XIvAJh0GL/2yFdf0/34w+Hdy5A1GgvSwAXtQI=
github.com/diamondburned/cchat v0.3.0 h1:xC8Y+/nwsVhc4a7i7R+4n0JczOnFSA2Gmj6Bz/pZ5zo=
github.com/diamondburned/cchat v0.3.0/go.mod h1:IlMtF+XIvAJh0GL/2yFdf0/34w+Hdy5A1GgvSwAXtQI=
github.com/diamondburned/cchat v0.3.1 h1:7NbVjT50dmLxcHPm+eDFF5jcaZw3t/9IdSEkZ/md1Rg=
github.com/diamondburned/cchat v0.3.1/go.mod h1:IlMtF+XIvAJh0GL/2yFdf0/34w+Hdy5A1GgvSwAXtQI=
github.com/go-test/deep v1.0.7/go.mod h1:QV8Hv/iy04NyLBxAdO9njL0iVPN1S4d/A3NVv1V36o8=
github.com/k0kubun/colorstring v0.0.0-20150214042306-9440f1994b88/go.mod h1:3w7q1U84EfirKl04SVQ/s7nPm1ZPhiXd34z40TNz36k=
github.com/k0kubun/pp v3.0.1+incompatible/go.mod h1:GWse8YhT0p8pT4ir3ZgBbfZild3tgzSScAn6HmfYukg=
github.com/lucasb-eyer/go-colorful v1.0.3 h1:QIbQXiugsb+q10B+MI+7DI1oQLdmnep86tWFlaaUAac=
github.com/lucasb-eyer/go-colorful v1.0.3/go.mod h1:R4dSotOR9KMtayYi1e77YzuveK+i7ruzyGqttikkLy0=
github.com/mattn/go-colorable v0.1.7/go.mod h1:u6P/XSegPjTcexA+o6vUJrdnUu04hMope9wVRipJSqc=
github.com/mattn/go-isatty v0.0.12/go.mod h1:cbi8OIDigv2wuxKPP5vlRcQ1OAZbq2CE4Kysco4FUpU=
github.com/pkg/errors v0.9.1 h1:FEBLx1zS214owpjy7qsBeixbURkuhQAwrK5UwLGTwt4=
github.com/pkg/errors v0.9.1/go.mod h1:bwawxfHBFNV+L2hUp1rHADufV3IMtnDRdf1r5NINEl0=
golang.org/x/sys v0.0.0-20200116001909-b77594299b42/go.mod h1:h1NjWce9XRLGQEsW7wpKNCjG9DtNlClVuFLEZdDNbEs=
golang.org/x/sys v0.0.0-20200223170610-d5e6a3e2c0ae/go.mod h1:h1NjWce9XRLGQEsW7wpKNCjG9DtNlClVuFLEZdDNbEs=
golang.org/x/text v0.3.3 h1:cokOdA+Jmi5PJGXLlLllQSgYigAEfHXJAERHVMaCc2k=
golang.org/x/text v0.3.3/go.mod h1:5Zoc/QRtKVWzQhOtBMvqHzDpF6irO9z98xDceosuGiQ=
golang.org/x/tools v0.0.0-20180917221912-90fa682c2a6e/go.mod h1:n7NCudcB/nEzxVGmLbDWY5pfWTLqBcC2KZ6jyYvM4mQ=
